# This file is automatically @generated by Cargo.
# It is not intended for manual editing.
version = 4

[[package]]
name = "elint"
version = "0.0.1"
dependencies = [
 "erl_tokenize",
 "noargs",
 "nojson",
]

[[package]]
name = "erl_tokenize"
version = "0.10.0"
source = "registry+https://github.com/rust-lang/crates.io-index"
checksum = "873ff4b63b4203047056e62d489c303af6337ac126f91a151d63559cf8189214"

[[package]]
name = "noargs"
version = "0.4.2"
source = "registry+https://github.com/rust-lang/crates.io-index"
checksum = "9e5dc223a8d69eaeb19c31218a69a55112fe79965764430f092532aed848f1b8"

[[package]]
name = "nojson"
version = "0.3.10"
source = "registry+https://github.com/rust-lang/crates.io-index"
checksum = "2a90a4644cecb7a8b61107b516e815559a7b973ff90541a9481b7f15fd880bff"
