# This file is automatically @generated by Cargo.
# It is not intended for manual editing.
version = 4

[[package]]
name = "elint"
version = "0.0.2"
dependencies = [
 "erl_parse",
 "erl_pp",
 "erl_tokenize",
 "noargs",
 "unicode-width",
]

[[package]]
name = "erl_parse"
version = "0.4.0"
source = "registry+https://github.com/rust-lang/crates.io-index"
checksum = "2c86bc868469ce33023d8bc032ce9a7c96b33409afd55bd6965137504395ca79"
dependencies = [
 "erl_tokenize",
]

[[package]]
name = "erl_pp"
version = "0.4.0"
source = "registry+https://github.com/rust-lang/crates.io-index"
checksum = "681a3f8fe4d92abac4fbb03509bd0fd83798c026431ff296e4117b914eee8ca5"
dependencies = [
 "erl_tokenize",
]

[[package]]
name = "erl_tokenize"
version = "0.11.1"
source = "registry+https://github.com/rust-lang/crates.io-index"
checksum = "49c8a534cb845537ad6da33ee9637e6486bd397abc7071260c87c87976d7516f"

[[package]]
name = "noargs"
version = "0.4.3"
source = "registry+https://github.com/rust-lang/crates.io-index"
checksum = "af5b13e43c3b5f1b4f2db60f5f03c803a04f5dd0a6fd44c83b5517ca1ec42ac4"

[[package]]
name = "unicode-width"
version = "0.2.2"
source = "registry+https://github.com/rust-lang/crates.io-index"
checksum = "b4ac048d71ede7ee76d585517add45da530660ef4390e49b098733c6e897f254"
