# This file is automatically @generated by Cargo.
# It is not intended for manual editing.
version = 4

[[package]]
name = "elint"
version = "0.1.0"
dependencies = [
 "erl_tokenize",
 "noargs",
 "nojson",
 "orfail",
]

[[package]]
name = "erl_tokenize"
version = "0.10.0"
source = "registry+https://github.com/rust-lang/crates.io-index"
checksum = "873ff4b63b4203047056e62d489c303af6337ac126f91a151d63559cf8189214"

[[package]]
name = "noargs"
version = "0.4.2"
source = "registry+https://github.com/rust-lang/crates.io-index"
checksum = "9e5dc223a8d69eaeb19c31218a69a55112fe79965764430f092532aed848f1b8"

[[package]]
name = "nojson"
version = "0.3.6"
source = "registry+https://github.com/rust-lang/crates.io-index"
checksum = "20f9facf70a088279ffcf06cb5f897660ebd32621629b51872f4d4b25c77e494"

[[package]]
name = "orfail"
version = "2.0.0"
source = "registry+https://github.com/rust-lang/crates.io-index"
checksum = "4d047c6764bd82c0195d8d392c043a37e9d4a152379e1dd88f7e63b19eb7c1d6"
